
Microsoft Visual Studio Solution File, Format Version 12.00
# Visual Studio 2012
Project("{FAE04EC0-301F-11D3-BF4B-00C04F79EFBC}") = "WHW", "WHW\WHW.csproj", "{2324B182-5345-4F4C-846F-FA0C04E702A6}"
EndProject
Global
	GlobalSection(SolutionConfigurationPlatforms) = preSolution
		Debug|Any CPU = Debug|Any CPU
		Release|Any CPU = Release|Any CPU
	EndGlobalSection
	GlobalSection(ProjectConfigurationPlatforms) = postSolution
		{2324B182-5345-4F4C-846F-FA0C04E702A6}.Debug|Any CPU.ActiveCfg = Debug|Any CPU
		{2324B182-5345-4F4C-846F-FA0C04E702A6}.Debug|Any CPU.Build.0 = Debug|Any CPU
		{2324B182-5345-4F4C-846F-FA0C04E702A6}.Release|Any CPU.ActiveCfg = Release|Any CPU
		{2324B182-5345-4F4C-846F-FA0C04E702A6}.Release|Any CPU.Build.0 = Release|Any CPU
	EndGlobalSection
	GlobalSection(SolutionProperties) = preSolution
		HideSolutionNode = FALSE
	EndGlobalSection
	GlobalSection(ExtensibilityGlobals) = postSolution
		VSCustomBkgrdPaint = True
		VSUseSystemFonts = False
		VSSkinToggleButtons = True
		VSSkinFlatStyles = True
		VSTextShadow = True
		VSToolStripStyle = OfficeOlive
		VSTargetControls = FormsAndControls
		VSStyle = Office2010 (Blue).vssf
	EndGlobalSection
EndGlobal
